// !$*UTF8*$!
{
	archiveVersion = 1;
	classes = {
	};
	objectVersion = 56;
	objects = {

/* Begin PBXBuildFile section */
		BD509EDB2A7916A10029033A /* ArchivePage.swift in Sources */ = {isa = PBXBuildFile; fileRef = BD509EDA2A7916A10029033A /* ArchivePage.swift */; };
		BD509EDD2A7916B30029033A /* ProfilePage.swift in Sources */ = {isa = PBXBuildFile; fileRef = BD509EDC2A7916B30029033A /* ProfilePage.swift */; };
		BD509EDF2A79203E0029033A /* HomePage.swift in Sources */ = {isa = PBXBuildFile; fileRef = BD509EDE2A79203E0029033A /* HomePage.swift */; };
		BDBEEF0D2A78FB6200D8EFB7 /* finalProjectGroupFourApp.swift in Sources */ = {isa = PBXBuildFile; fileRef = BDBEEF0C2A78FB6200D8EFB7 /* finalProjectGroupFourApp.swift */; };
		BDBEEF0F2A78FB6200D8EFB7 /* ContentView.swift in Sources */ = {isa = PBXBuildFile; fileRef = BDBEEF0E2A78FB6200D8EFB7 /* ContentView.swift */; };
		BDBEEF112A78FB6400D8EFB7 /* Assets.xcassets in Resources */ = {isa = PBXBuildFile; fileRef = BDBEEF102A78FB6400D8EFB7 /* Assets.xcassets */; };
		BDBEEF142A78FB6400D8EFB7 /* Preview Assets.xcassets in Resources */ = {isa = PBXBuildFile; fileRef = BDBEEF132A78FB6400D8EFB7 /* Preview Assets.xcassets */; };
		BDFA595A2A7A83C100DD509A /* examplearchive.swift in Sources */ = {isa = PBXBuildFile; fileRef = BDFA59592A7A83C100DD509A /* examplearchive.swift */; };
		BDFA595C2A7A84DC00DD509A /* examplefriend.swift in Sources */ = {isa = PBXBuildFile; fileRef = BDFA595B2A7A84DC00DD509A /* examplefriend.swift */; };
		BDFA595E2A7A98B700DD509A /* finalfriendspage.swift in Sources */ = {isa = PBXBuildFile; fileRef = BDFA595D2A7A98B700DD509A /* finalfriendspage.swift */; };
/* End PBXBuildFile section */

/* Begin PBXFileReference section */
		BD509EDA2A7916A10029033A /* ArchivePage.swift */ = {isa = PBXFileReference; lastKnownFileType = sourcecode.swift; path = ArchivePage.swift; sourceTree = "<group>"; };
		BD509EDC2A7916B30029033A /* ProfilePage.swift */ = {isa = PBXFileReference; lastKnownFileType = sourcecode.swift; path = ProfilePage.swift; sourceTree = "<group>"; };
		BD509EDE2A79203E0029033A /* HomePage.swift */ = {isa = PBXFileReference; lastKnownFileType = sourcecode.swift; path = HomePage.swift; sourceTree = "<group>"; };
		BDBEEF092A78FB6200D8EFB7 /* finalProjectGroupFour.app */ = {isa = PBXFileReference; explicitFileType = wrapper.application; includeInIndex = 0; path = finalProjectGroupFour.app; sourceTree = BUILT_PRODUCTS_DIR; };
		BDBEEF0C2A78FB6200D8EFB7 /* finalProjectGroupFourApp.swift */ = {isa = PBXFileReference; lastKnownFileType = sourcecode.swift; path = finalProjectGroupFourApp.swift; sourceTree = "<group>"; };
		BDBEEF0E2A78FB6200D8EFB7 /* ContentView.swift */ = {isa = PBXFileReference; lastKnownFileType = sourcecode.swift; path = ContentView.swift; sourceTree = "<group>"; };
		BDBEEF102A78FB6400D8EFB7 /* Assets.xcassets */ = {isa = PBXFileReference; lastKnownFileType = folder.assetcatalog; path = Assets.xcassets; sourceTree = "<group>"; };
		BDBEEF132A78FB6400D8EFB7 /* Preview Assets.xcassets */ = {isa = PBXFileReference; lastKnownFileType = folder.assetcatalog; path = "Preview Assets.xcassets"; sourceTree = "<group>"; };
		BDFA59592A7A83C100DD509A /* examplearchive.swift */ = {isa = PBXFileReference; lastKnownFileType = sourcecode.swift; path = examplearchive.swift; sourceTree = "<group>"; };
		BDFA595B2A7A84DC00DD509A /* examplefriend.swift */ = {isa = PBXFileReference; lastKnownFileType = sourcecode.swift; path = examplefriend.swift; sourceTree = "<group>"; };
		BDFA595D2A7A98B700DD509A /* finalfriendspage.swift */ = {isa = PBXFileReference; lastKnownFileType = sourcecode.swift; path = finalfriendspage.swift; sourceTree = "<group>"; };
/* End PBXFileReference section */

/* Begin PBXFrameworksBuildPhase section */
		BDBEEF062A78FB6200D8EFB7 /* Frameworks */ = {
			isa = PBXFrameworksBuildPhase;
			buildActionMask = 2147483647;
			files = (
			);
			runOnlyForDeploymentPostprocessing = 0;
		};
/* End PBXFrameworksBuildPhase section */

/* Begin PBXGroup section */
		BDBEEF002A78FB6200D8EFB7 = {
			isa = PBXGroup;
			children = (
				BDBEEF0B2A78FB6200D8EFB7 /* finalProjectGroupFour */,
				BDBEEF0A2A78FB6200D8EFB7 /* Products */,
			);
			sourceTree = "<group>";
		};
		BDBEEF0A2A78FB6200D8EFB7 /* Products */ = {
			isa = PBXGroup;
			children = (
				BDBEEF092A78FB6200D8EFB7 /* finalProjectGroupFour.app */,
			);
			name = Products;
			sourceTree = "<group>";
		};
		BDBEEF0B2A78FB6200D8EFB7 /* finalProjectGroupFour */ = {
			isa = PBXGroup;
			children = (
				BDBEEF0C2A78FB6200D8EFB7 /* finalProjectGroupFourApp.swift */,
				BDBEEF0E2A78FB6200D8EFB7 /* ContentView.swift */,
				BD509EDE2A79203E0029033A /* HomePage.swift */,
				BD509EDA2A7916A10029033A /* ArchivePage.swift */,
				BDFA59592A7A83C100DD509A /* examplearchive.swift */,
				BDFA595D2A7A98B700DD509A /* finalfriendspage.swift */,
				BDFA595B2A7A84DC00DD509A /* examplefriend.swift */,
				BD509EDC2A7916B30029033A /* ProfilePage.swift */,
				BDBEEF102A78FB6400D8EFB7 /* Assets.xcassets */,
				BDBEEF122A78FB6400D8EFB7 /* Preview Content */,
			);
			path = finalProjectGroupFour;
			sourceTree = "<group>";
		};
		BDBEEF122A78FB6400D8EFB7 /* Preview Content */ = {
			isa = PBXGroup;
			children = (
				BDBEEF132A78FB6400D8EFB7 /* Preview Assets.xcassets */,
			);
			path = "Preview Content";
			sourceTree = "<group>";
		};
/* End PBXGroup section */

/* Begin PBXNativeTarget section */
		BDBEEF082A78FB6200D8EFB7 /* finalProjectGroupFour */ = {
			isa = PBXNativeTarget;
			buildConfigurationList = BDBEEF172A78FB6400D8EFB7 /* Build configuration list for PBXNativeTarget "finalProjectGroupFour" */;
			buildPhases = (
				BDBEEF052A78FB6200D8EFB7 /* Sources */,
				BDBEEF062A78FB6200D8EFB7 /* Frameworks */,
				BDBEEF072A78FB6200D8EFB7 /* Resources */,
			);
			buildRules = (
			);
			dependencies = (
			);
			name = finalProjectGroupFour;
			productName = finalProjectGroupFour;
			productReference = BDBEEF092A78FB6200D8EFB7 /* finalProjectGroupFour.app */;
			productType = "com.apple.product-type.application";
		};
/* End PBXNativeTarget section */

/* Begin PBXProject section */
		BDBEEF012A78FB6200D8EFB7 /* Project object */ = {
			isa = PBXProject;
			attributes = {
				BuildIndependentTargetsInParallel = 1;
				LastSwiftUpdateCheck = 1430;
				LastUpgradeCheck = 1430;
				TargetAttributes = {
					BDBEEF082A78FB6200D8EFB7 = {
						CreatedOnToolsVersion = 14.3.1;
					};
				};
			};
			buildConfigurationList = BDBEEF042A78FB6200D8EFB7 /* Build configuration list for PBXProject "finalProjectGroupFour" */;
			compatibilityVersion = "Xcode 14.0";
			developmentRegion = en;
			hasScannedForEncodings = 0;
			knownRegions = (
				en,
				Base,
			);
			mainGroup = BDBEEF002A78FB6200D8EFB7;
			productRefGroup = BDBEEF0A2A78FB6200D8EFB7 /* Products */;
			projectDirPath = "";
			projectRoot = "";
			targets = (
				BDBEEF082A78FB6200D8EFB7 /* finalProjectGroupFour */,
			);
		};
/* End PBXProject section */

/* Begin PBXResourcesBuildPhase section */
		BDBEEF072A78FB6200D8EFB7 /* Resources */ = {
			isa = PBXResourcesBuildPhase;
			buildActionMask = 2147483647;
			files = (
				BDBEEF142A78FB6400D8EFB7 /* Preview Assets.xcassets in Resources */,
				BDBEEF112A78FB6400D8EFB7 /* Assets.xcassets in Resources */,
			);
			runOnlyForDeploymentPostprocessing = 0;
		};
/* End PBXResourcesBuildPhase section */

/* Begin PBXSourcesBuildPhase section */
		BDBEEF052A78FB6200D8EFB7 /* Sources */ = {
			isa = PBXSourcesBuildPhase;
			buildActionMask = 2147483647;
			files = (
				BD509EDD2A7916B30029033A /* ProfilePage.swift in Sources */,
				BDFA595E2A7A98B700DD509A /* finalfriendspage.swift in Sources */,
				BD509EDF2A79203E0029033A /* HomePage.swift in Sources */,
				BDFA595C2A7A84DC00DD509A /* examplefriend.swift in Sources */,
				BDFA595A2A7A83C100DD509A /* examplearchive.swift in Sources */,
				BD509EDB2A7916A10029033A /* ArchivePage.swift in Sources */,
				BDBEEF0F2A78FB6200D8EFB7 /* ContentView.swift in Sources */,
				BDBEEF0D2A78FB6200D8EFB7 /* finalProjectGroupFourApp.swift in Sources */,
			);
			runOnlyForDeploymentPostprocessing = 0;
		};
/* End PBXSourcesBuildPhase section */

/* Begin XCBuildConfiguration section */
		BDBEEF152A78FB6400D8EFB7 /* Debug */ = {
			isa = XCBuildConfiguration;
			buildSettings = {
				ALWAYS_SEARCH_USER_PATHS = NO;
				CLANG_ANALYZER_NONNULL = YES;
				CLANG_ANALYZER_NUMBER_OBJECT_CONVERSION = YES_AGGRESSIVE;
				CLANG_CXX_LANGUAGE_STANDARD = "gnu++20";
				CLANG_ENABLE_MODULES = YES;
				CLANG_ENABLE_OBJC_ARC = YES;
				CLANG_ENABLE_OBJC_WEAK = YES;
				CLANG_WARN_BLOCK_CAPTURE_AUTORELEASING = YES;
				CLANG_WARN_BOOL_CONVERSION = YES;
				CLANG_WARN_COMMA = YES;
				CLANG_WARN_CONSTANT_CONVERSION = YES;
				CLANG_WARN_DEPRECATED_OBJC_IMPLEMENTATIONS = YES;
				CLANG_WARN_DIRECT_OBJC_ISA_USAGE = YES_ERROR;
				CLANG_WARN_DOCUMENTATION_COMMENTS = YES;
				CLANG_WARN_EMPTY_BODY = YES;
				CLANG_WARN_ENUM_CONVERSION = YES;
				CLANG_WARN_INFINITE_RECURSION = YES;
				CLANG_WARN_INT_CONVERSION = YES;
				CLANG_WARN_NON_LITERAL_NULL_CONVERSION = YES;
				CLANG_WARN_OBJC_IMPLICIT_RETAIN_SELF = YES;
				CLANG_WARN_OBJC_LITERAL_CONVERSION = YES;
				CLANG_WARN_OBJC_ROOT_CLASS = YES_ERROR;
				CLANG_WARN_QUOTED_INCLUDE_IN_FRAMEWORK_HEADER = YES;
				CLANG_WARN_RANGE_LOOP_ANALYSIS = YES;
				CLANG_WARN_STRICT_PROTOTYPES = YES;
				CLANG_WARN_SUSPICIOUS_MOVE = YES;
				CLANG_WARN_UNGUARDED_AVAILABILITY = YES_AGGRESSIVE;
				CLANG_WARN_UNREACHABLE_CODE = YES;
				CLANG_WARN__DUPLICATE_METHOD_MATCH = YES;
				COPY_PHASE_STRIP = NO;
				DEBUG_INFORMATION_FORMAT = dwarf;
				ENABLE_STRICT_OBJC_MSGSEND = YES;
				ENABLE_TESTABILITY = YES;
				GCC_C_LANGUAGE_STANDARD = gnu11;
				GCC_DYNAMIC_NO_PIC = NO;
				GCC_NO_COMMON_BLOCKS = YES;
				GCC_OPTIMIZATION_LEVEL = 0;
				GCC_PREPROCESSOR_DEFINITIONS = (
					"DEBUG=1",
					"$(inherited)",
				);
				GCC_WARN_64_TO_32_BIT_CONVERSION = YES;
				GCC_WARN_ABOUT_RETURN_TYPE = YES_ERROR;
				GCC_WARN_UNDECLARED_SELECTOR = YES;
				GCC_WARN_UNINITIALIZED_AUTOS = YES_AGGRESSIVE;
				GCC_WARN_UNUSED_FUNCTION = YES;
				GCC_WARN_UNUSED_VARIABLE = YES;
				IPHONEOS_DEPLOYMENT_TARGET = 16.4;
				MTL_ENABLE_DEBUG_INFO = INCLUDE_SOURCE;
				MTL_FAST_MATH = YES;
				ONLY_ACTIVE_ARCH = YES;
				SDKROOT = iphoneos;
				SWIFT_ACTIVE_COMPILATION_CONDITIONS = DEBUG;
				SWIFT_OPTIMIZATION_LEVEL = "-Onone";
			};
			name = Debug;
		};
		BDBEEF162A78FB6400D8EFB7 /* Release */ = {
			isa = XCBuildConfiguration;
			buildSettings = {
				ALWAYS_SEARCH_USER_PATHS = NO;
				CLANG_ANALYZER_NONNULL = YES;
				CLANG_ANALYZER_NUMBER_OBJECT_CONVERSION = YES_AGGRESSIVE;
				CLANG_CXX_LANGUAGE_STANDARD = "gnu++20";
				CLANG_ENABLE_MODULES = YES;
				CLANG_ENABLE_OBJC_ARC = YES;
				CLANG_ENABLE_OBJC_WEAK = YES;
				CLANG_WARN_BLOCK_CAPTURE_AUTORELEASING = YES;
				CLANG_WARN_BOOL_CONVERSION = YES;
				CLANG_WARN_COMMA = YES;
				CLANG_WARN_CONSTANT_CONVERSION = YES;
				CLANG_WARN_DEPRECATED_OBJC_IMPLEMENTATIONS = YES;
				CLANG_WARN_DIRECT_OBJC_ISA_USAGE = YES_ERROR;
				CLANG_WARN_DOCUMENTATION_COMMENTS = YES;
				CLANG_WARN_EMPTY_BODY = YES;
				CLANG_WARN_ENUM_CONVERSION = YES;
				CLANG_WARN_INFINITE_RECURSION = YES;
				CLANG_WARN_INT_CONVERSION = YES;
				CLANG_WARN_NON_LITERAL_NULL_CONVERSION = YES;
				CLANG_WARN_OBJC_IMPLICIT_RETAIN_SELF = YES;
				CLANG_WARN_OBJC_LITERAL_CONVERSION = YES;
				CLANG_WARN_OBJC_ROOT_CLASS = YES_ERROR;
				CLANG_WARN_QUOTED_INCLUDE_IN_FRAMEWORK_HEADER = YES;
				CLANG_WARN_RANGE_LOOP_ANALYSIS = YES;
				CLANG_WARN_STRICT_PROTOTYPES = YES;
				CLANG_WARN_SUSPICIOUS_MOVE = YES;
				CLANG_WARN_UNGUARDED_AVAILABILITY = YES_AGGRESSIVE;
				CLANG_WARN_UNREACHABLE_CODE = YES;
				CLANG_WARN__DUPLICATE_METHOD_MATCH = YES;
				COPY_PHASE_STRIP = NO;
				DEBUG_INFORMATION_FORMAT = "dwarf-with-dsym";
				ENABLE_NS_ASSERTIONS = NO;
				ENABLE_STRICT_OBJC_MSGSEND = YES;
				GCC_C_LANGUAGE_STANDARD = gnu11;
				GCC_NO_COMMON_BLOCKS = YES;
				GCC_WARN_64_TO_32_BIT_CONVERSION = YES;
				GCC_WARN_ABOUT_RETURN_TYPE = YES_ERROR;
				GCC_WARN_UNDECLARED_SELECTOR = YES;
				GCC_WARN_UNINITIALIZED_AUTOS = YES_AGGRESSIVE;
				GCC_WARN_UNUSED_FUNCTION = YES;
				GCC_WARN_UNUSED_VARIABLE = YES;
				IPHONEOS_DEPLOYMENT_TARGET = 16.4;
				MTL_ENABLE_DEBUG_INFO = NO;
				MTL_FAST_MATH = YES;
				SDKROOT = iphoneos;
				SWIFT_COMPILATION_MODE = wholemodule;
				SWIFT_OPTIMIZATION_LEVEL = "-O";
				VALIDATE_PRODUCT = YES;
			};
			name = Release;
		};
		BDBEEF182A78FB6400D8EFB7 /* Debug */ = {
			isa = XCBuildConfiguration;
			buildSettings = {
				ASSETCATALOG_COMPILER_APPICON_NAME = AppIcon;
				ASSETCATALOG_COMPILER_GLOBAL_ACCENT_COLOR_NAME = AccentColor;
				CODE_SIGN_STYLE = Automatic;
				CURRENT_PROJECT_VERSION = 1;
				DEVELOPMENT_ASSET_PATHS = "\"finalProjectGroupFour/Preview Content\"";
				ENABLE_PREVIEWS = YES;
				GENERATE_INFOPLIST_FILE = YES;
				INFOPLIST_KEY_UIApplicationSceneManifest_Generation = YES;
				INFOPLIST_KEY_UIApplicationSupportsIndirectInputEvents = YES;
				INFOPLIST_KEY_UILaunchScreen_Generation = YES;
				INFOPLIST_KEY_UISupportedInterfaceOrientations_iPad = "UIInterfaceOrientationPortrait UIInterfaceOrientationPortraitUpsideDown UIInterfaceOrientationLandscapeLeft UIInterfaceOrientationLandscapeRight";
				INFOPLIST_KEY_UISupportedInterfaceOrientations_iPhone = "UIInterfaceOrientationPortrait UIInterfaceOrientationLandscapeLeft UIInterfaceOrientationLandscapeRight";
				LD_RUNPATH_SEARCH_PATHS = (
					"$(inherited)",
					"@executable_path/Frameworks",
				);
				MARKETING_VERSION = 1.0;
				PRODUCT_BUNDLE_IDENTIFIER = kwk.finalProjectGroupFour;
				PRODUCT_NAME = "$(TARGET_NAME)";
				SWIFT_EMIT_LOC_STRINGS = YES;
				SWIFT_VERSION = 5.0;
				TARGETED_DEVICE_FAMILY = "1,2";
			};
			name = Debug;
		};
		BDBEEF192A78FB6400D8EFB7 /* Release */ = {
			isa = XCBuildConfiguration;
			buildSettings = {
				ASSETCATALOG_COMPILER_APPICON_NAME = AppIcon;
				ASSETCATALOG_COMPILER_GLOBAL_ACCENT_COLOR_NAME = AccentColor;
				CODE_SIGN_STYLE = Automatic;
				CURRENT_PROJECT_VERSION = 1;
				DEVELOPMENT_ASSET_PATHS = "\"finalProjectGroupFour/Preview Content\"";
				ENABLE_PREVIEWS = YES;
				GENERATE_INFOPLIST_FILE = YES;
				INFOPLIST_KEY_UIApplicationSceneManifest_Generation = YES;
				INFOPLIST_KEY_UIApplicationSupportsIndirectInputEvents = YES;
				INFOPLIST_KEY_UILaunchScreen_Generation = YES;
				INFOPLIST_KEY_UISupportedInterfaceOrientations_iPad = "UIInterfaceOrientationPortrait UIInterfaceOrientationPortraitUpsideDown UIInterfaceOrientationLandscapeLeft UIInterfaceOrientationLandscapeRight";
				INFOPLIST_KEY_UISupportedInterfaceOrientations_iPhone = "UIInterfaceOrientationPortrait UIInterfaceOrientationLandscapeLeft UIInterfaceOrientationLandscapeRight";
				LD_RUNPATH_SEARCH_PATHS = (
					"$(inherited)",
					"@executable_path/Frameworks",
				);
				MARKETING_VERSION = 1.0;
				PRODUCT_BUNDLE_IDENTIFIER = kwk.finalProjectGroupFour;
				PRODUCT_NAME = "$(TARGET_NAME)";
				SWIFT_EMIT_LOC_STRINGS = YES;
				SWIFT_VERSION = 5.0;
				TARGETED_DEVICE_FAMILY = "1,2";
			};
			name = Release;
		};
/* End XCBuildConfiguration section */

/* Begin XCConfigurationList section */
		BDBEEF042A78FB6200D8EFB7 /* Build configuration list for PBXProject "finalProjectGroupFour" */ = {
			isa = XCConfigurationList;
			buildConfigurations = (
				BDBEEF152A78FB6400D8EFB7 /* Debug */,
				BDBEEF162A78FB6400D8EFB7 /* Release */,
			);
			defaultConfigurationIsVisible = 0;
			defaultConfigurationName = Release;
		};
		BDBEEF172A78FB6400D8EFB7 /* Build configuration list for PBXNativeTarget "finalProjectGroupFour" */ = {
			isa = XCConfigurationList;
			buildConfigurations = (
				BDBEEF182A78FB6400D8EFB7 /* Debug */,
				BDBEEF192A78FB6400D8EFB7 /* Release */,
			);
			defaultConfigurationIsVisible = 0;
			defaultConfigurationName = Release;
		};
/* End XCConfigurationList section */
	};
	rootObject = BDBEEF012A78FB6200D8EFB7 /* Project object */;
}
